
Microsoft Visual Studio Solution File, Format Version 12.00
# Visual Studio 2013
VisualStudioVersion = 12.0.31101.0
MinimumVisualStudioVersion = 10.0.40219.1
Project("{FAE04EC0-301F-11D3-BF4B-00C04F79EFBC}") = "LiveHack-Web", "LiveHack-Web\LiveHack-Web.csproj", "{F962B1B1-9400-49C9-BA4F-D4E64DD03D67}"
EndProject
Project("{FAE04EC0-301F-11D3-BF4B-00C04F79EFBC}") = "LiveHack-Web.Tests", "LiveHack-Web.Tests\LiveHack-Web.Tests.csproj", "{84B7A175-2851-4196-A247-F9587B8DE760}"
EndProject
Project("{FAE04EC0-301F-11D3-BF4B-00C04F79EFBC}") = "LiveHackDb", "LiveHackDb\LiveHackDb.csproj", "{B3A775A8-CDFC-4F36-8D92-B741F5E92F28}"
EndProject
Global
	GlobalSection(SolutionConfigurationPlatforms) = preSolution
		Debug|Any CPU = Debug|Any CPU
		Release|Any CPU = Release|Any CPU
	EndGlobalSection
	GlobalSection(ProjectConfigurationPlatforms) = postSolution
		{F962B1B1-9400-49C9-BA4F-D4E64DD03D67}.Debug|Any CPU.ActiveCfg = Debug|Any CPU
		{F962B1B1-9400-49C9-BA4F-D4E64DD03D67}.Debug|Any CPU.Build.0 = Debug|Any CPU
		{F962B1B1-9400-49C9-BA4F-D4E64DD03D67}.Release|Any CPU.ActiveCfg = Release|Any CPU
		{F962B1B1-9400-49C9-BA4F-D4E64DD03D67}.Release|Any CPU.Build.0 = Release|Any CPU
		{84B7A175-2851-4196-A247-F9587B8DE760}.Debug|Any CPU.ActiveCfg = Debug|Any CPU
		{84B7A175-2851-4196-A247-F9587B8DE760}.Debug|Any CPU.Build.0 = Debug|Any CPU
		{84B7A175-2851-4196-A247-F9587B8DE760}.Release|Any CPU.ActiveCfg = Release|Any CPU
		{84B7A175-2851-4196-A247-F9587B8DE760}.Release|Any CPU.Build.0 = Release|Any CPU
		{B3A775A8-CDFC-4F36-8D92-B741F5E92F28}.Debug|Any CPU.ActiveCfg = Debug|Any CPU
		{B3A775A8-CDFC-4F36-8D92-B741F5E92F28}.Debug|Any CPU.Build.0 = Debug|Any CPU
		{B3A775A8-CDFC-4F36-8D92-B741F5E92F28}.Release|Any CPU.ActiveCfg = Release|Any CPU
		{B3A775A8-CDFC-4F36-8D92-B741F5E92F28}.Release|Any CPU.Build.0 = Release|Any CPU
	EndGlobalSection
	GlobalSection(SolutionProperties) = preSolution
		HideSolutionNode = FALSE
	EndGlobalSection
EndGlobal
