
Microsoft Visual Studio Solution File, Format Version 12.00
# Visual Studio 14
VisualStudioVersion = 14.0.22609.0
MinimumVisualStudioVersion = 10.0.40219.1
Project("{FAE04EC0-301F-11D3-BF4B-00C04F79EFBC}") = "LiveHack", "LiveHack\LiveHack.csproj", "{5E58E786-8E15-494F-8475-E00FB0D4F896}"
EndProject
Project("{FAE04EC0-301F-11D3-BF4B-00C04F79EFBC}") = "LiveHackDb", "LiveHackDb\LiveHackDb.csproj", "{2B1D6A99-2C5B-4756-9895-99BB0EBF24C5}"
EndProject
Global
	GlobalSection(SolutionConfigurationPlatforms) = preSolution
		Debug|Any CPU = Debug|Any CPU
		Release|Any CPU = Release|Any CPU
	EndGlobalSection
	GlobalSection(ProjectConfigurationPlatforms) = postSolution
		{5E58E786-8E15-494F-8475-E00FB0D4F896}.Debug|Any CPU.ActiveCfg = Debug|Any CPU
		{5E58E786-8E15-494F-8475-E00FB0D4F896}.Debug|Any CPU.Build.0 = Debug|Any CPU
		{5E58E786-8E15-494F-8475-E00FB0D4F896}.Release|Any CPU.ActiveCfg = Release|Any CPU
		{5E58E786-8E15-494F-8475-E00FB0D4F896}.Release|Any CPU.Build.0 = Release|Any CPU
		{2B1D6A99-2C5B-4756-9895-99BB0EBF24C5}.Debug|Any CPU.ActiveCfg = Debug|Any CPU
		{2B1D6A99-2C5B-4756-9895-99BB0EBF24C5}.Debug|Any CPU.Build.0 = Debug|Any CPU
		{2B1D6A99-2C5B-4756-9895-99BB0EBF24C5}.Release|Any CPU.ActiveCfg = Release|Any CPU
		{2B1D6A99-2C5B-4756-9895-99BB0EBF24C5}.Release|Any CPU.Build.0 = Release|Any CPU
	EndGlobalSection
	GlobalSection(SolutionProperties) = preSolution
		HideSolutionNode = FALSE
	EndGlobalSection
EndGlobal
